
Microsoft Visual Studio Solution File, Format Version 12.00
# Visual Studio Version 16
VisualStudioVersion = 16.0.32228.343
MinimumVisualStudioVersion = 10.0.40219.1
Project("{FAE04EC0-301F-11D3-BF4B-00C04F79EFBC}") = "NewsBlog", "NewsBlog\NewsBlog.csproj", "{A133CB08-63EC-45F3-A249-2D0510F3B5BF}"
EndProject
Project("{FAE04EC0-301F-11D3-BF4B-00C04F79EFBC}") = "EntityLayer", "EntityLayer\EntityLayer.csproj", "{C1ADB4AF-2152-452F-BB73-F192FE739DF1}"
EndProject
Project("{FAE04EC0-301F-11D3-BF4B-00C04F79EFBC}") = "DataAccessLayer", "DataAccessLayer\DataAccessLayer.csproj", "{A8CD82A6-D1E1-4822-9D17-E0CCAC5E7047}"
EndProject
Project("{FAE04EC0-301F-11D3-BF4B-00C04F79EFBC}") = "BusinessLayer", "BusinessLayer\BusinessLayer.csproj", "{BEA9375E-0119-49A8-8FD3-546397D2D019}"
EndProject
Global
	GlobalSection(SolutionConfigurationPlatforms) = preSolution
		Debug|Any CPU = Debug|Any CPU
		Release|Any CPU = Release|Any CPU
	EndGlobalSection
	GlobalSection(ProjectConfigurationPlatforms) = postSolution
		{A133CB08-63EC-45F3-A249-2D0510F3B5BF}.Debug|Any CPU.ActiveCfg = Debug|Any CPU
		{A133CB08-63EC-45F3-A249-2D0510F3B5BF}.Debug|Any CPU.Build.0 = Debug|Any CPU
		{A133CB08-63EC-45F3-A249-2D0510F3B5BF}.Release|Any CPU.ActiveCfg = Release|Any CPU
		{A133CB08-63EC-45F3-A249-2D0510F3B5BF}.Release|Any CPU.Build.0 = Release|Any CPU
		{C1ADB4AF-2152-452F-BB73-F192FE739DF1}.Debug|Any CPU.ActiveCfg = Debug|Any CPU
		{C1ADB4AF-2152-452F-BB73-F192FE739DF1}.Debug|Any CPU.Build.0 = Debug|Any CPU
		{C1ADB4AF-2152-452F-BB73-F192FE739DF1}.Release|Any CPU.ActiveCfg = Release|Any CPU
		{C1ADB4AF-2152-452F-BB73-F192FE739DF1}.Release|Any CPU.Build.0 = Release|Any CPU
		{A8CD82A6-D1E1-4822-9D17-E0CCAC5E7047}.Debug|Any CPU.ActiveCfg = Debug|Any CPU
		{A8CD82A6-D1E1-4822-9D17-E0CCAC5E7047}.Debug|Any CPU.Build.0 = Debug|Any CPU
		{A8CD82A6-D1E1-4822-9D17-E0CCAC5E7047}.Release|Any CPU.ActiveCfg = Release|Any CPU
		{A8CD82A6-D1E1-4822-9D17-E0CCAC5E7047}.Release|Any CPU.Build.0 = Release|Any CPU
		{BEA9375E-0119-49A8-8FD3-546397D2D019}.Debug|Any CPU.ActiveCfg = Debug|Any CPU
		{BEA9375E-0119-49A8-8FD3-546397D2D019}.Debug|Any CPU.Build.0 = Debug|Any CPU
		{BEA9375E-0119-49A8-8FD3-546397D2D019}.Release|Any CPU.ActiveCfg = Release|Any CPU
		{BEA9375E-0119-49A8-8FD3-546397D2D019}.Release|Any CPU.Build.0 = Release|Any CPU
	EndGlobalSection
	GlobalSection(SolutionProperties) = preSolution
		HideSolutionNode = FALSE
	EndGlobalSection
	GlobalSection(ExtensibilityGlobals) = postSolution
		SolutionGuid = {38C0BAA4-3B77-4B35-9801-1F3F0A8E8F4F}
	EndGlobalSection
EndGlobal
